
Microsoft Visual Studio Solution File, Format Version 12.00
# Visual Studio Version 17
VisualStudioVersion = 17.13.35818.85 d17.13
MinimumVisualStudioVersion = 10.0.40219.1
Project("{FAE04EC0-301F-11D3-BF4B-00C04F79EFBC}") = "Loading", "Loading\Loading.csproj", "{9691D045-72AD-4EAF-BD6B-F63308484A58}"
EndProject
Global
	GlobalSection(SolutionConfigurationPlatforms) = preSolution
		Debug|Any CPU = Debug|Any CPU
		Release|Any CPU = Release|Any CPU
	EndGlobalSection
	GlobalSection(ProjectConfigurationPlatforms) = postSolution
		{9691D045-72AD-4EAF-BD6B-F63308484A58}.Debug|Any CPU.ActiveCfg = Debug|Any CPU
		{9691D045-72AD-4EAF-BD6B-F63308484A58}.Debug|Any CPU.Build.0 = Debug|Any CPU
		{9691D045-72AD-4EAF-BD6B-F63308484A58}.Release|Any CPU.ActiveCfg = Release|Any CPU
		{9691D045-72AD-4EAF-BD6B-F63308484A58}.Release|Any CPU.Build.0 = Release|Any CPU
	EndGlobalSection
	GlobalSection(SolutionProperties) = preSolution
		HideSolutionNode = FALSE
	EndGlobalSection
	GlobalSection(ExtensibilityGlobals) = postSolution
		SolutionGuid = {8C65779B-AFC7-488D-AFC0-3269873F7FC6}
	EndGlobalSection
EndGlobal
