
Microsoft Visual Studio Solution File, Format Version 12.00
# Visual Studio Version 17
VisualStudioVersion = 17.13.35818.85 d17.13
MinimumVisualStudioVersion = 10.0.40219.1
Project("{FAE04EC0-301F-11D3-BF4B-00C04F79EFBC}") = "ConsoleApp34", "ConsoleApp34\ConsoleApp34.csproj", "{A096C4C8-B229-47E3-932A-0E19A0DF80BA}"
EndProject
Global
	GlobalSection(SolutionConfigurationPlatforms) = preSolution
		Debug|Any CPU = Debug|Any CPU
		Release|Any CPU = Release|Any CPU
	EndGlobalSection
	GlobalSection(ProjectConfigurationPlatforms) = postSolution
		{A096C4C8-B229-47E3-932A-0E19A0DF80BA}.Debug|Any CPU.ActiveCfg = Debug|Any CPU
		{A096C4C8-B229-47E3-932A-0E19A0DF80BA}.Debug|Any CPU.Build.0 = Debug|Any CPU
		{A096C4C8-B229-47E3-932A-0E19A0DF80BA}.Release|Any CPU.ActiveCfg = Release|Any CPU
		{A096C4C8-B229-47E3-932A-0E19A0DF80BA}.Release|Any CPU.Build.0 = Release|Any CPU
	EndGlobalSection
	GlobalSection(SolutionProperties) = preSolution
		HideSolutionNode = FALSE
	EndGlobalSection
	GlobalSection(ExtensibilityGlobals) = postSolution
		SolutionGuid = {1EEF1A9A-22D0-4DF4-9556-A54D6DD78828}
	EndGlobalSection
EndGlobal
