
Microsoft Visual Studio Solution File, Format Version 12.00
# Visual Studio Version 17
VisualStudioVersion = 17.13.35818.85 d17.13
MinimumVisualStudioVersion = 10.0.40219.1
Project("{FAE04EC0-301F-11D3-BF4B-00C04F79EFBC}") = "ConsoleApp42", "ConsoleApp42\ConsoleApp42.csproj", "{9A04B32B-BE57-4CDE-BEA8-6EF38E96AA7D}"
EndProject
Global
	GlobalSection(SolutionConfigurationPlatforms) = preSolution
		Debug|Any CPU = Debug|Any CPU
		Release|Any CPU = Release|Any CPU
	EndGlobalSection
	GlobalSection(ProjectConfigurationPlatforms) = postSolution
		{9A04B32B-BE57-4CDE-BEA8-6EF38E96AA7D}.Debug|Any CPU.ActiveCfg = Debug|Any CPU
		{9A04B32B-BE57-4CDE-BEA8-6EF38E96AA7D}.Debug|Any CPU.Build.0 = Debug|Any CPU
		{9A04B32B-BE57-4CDE-BEA8-6EF38E96AA7D}.Release|Any CPU.ActiveCfg = Release|Any CPU
		{9A04B32B-BE57-4CDE-BEA8-6EF38E96AA7D}.Release|Any CPU.Build.0 = Release|Any CPU
	EndGlobalSection
	GlobalSection(SolutionProperties) = preSolution
		HideSolutionNode = FALSE
	EndGlobalSection
	GlobalSection(ExtensibilityGlobals) = postSolution
		SolutionGuid = {F9697288-E676-4FA7-97C6-87245B4C1C9B}
	EndGlobalSection
EndGlobal
