
Microsoft Visual Studio Solution File, Format Version 12.00
# Visual Studio Version 17
VisualStudioVersion = 17.13.35818.85 d17.13
MinimumVisualStudioVersion = 10.0.40219.1
Project("{FAE04EC0-301F-11D3-BF4B-00C04F79EFBC}") = "ConsoleApp47", "ConsoleApp47\ConsoleApp47.csproj", "{FB145986-4011-40AF-9584-8D990101B9B0}"
EndProject
Global
	GlobalSection(SolutionConfigurationPlatforms) = preSolution
		Debug|Any CPU = Debug|Any CPU
		Release|Any CPU = Release|Any CPU
	EndGlobalSection
	GlobalSection(ProjectConfigurationPlatforms) = postSolution
		{FB145986-4011-40AF-9584-8D990101B9B0}.Debug|Any CPU.ActiveCfg = Debug|Any CPU
		{FB145986-4011-40AF-9584-8D990101B9B0}.Debug|Any CPU.Build.0 = Debug|Any CPU
		{FB145986-4011-40AF-9584-8D990101B9B0}.Release|Any CPU.ActiveCfg = Release|Any CPU
		{FB145986-4011-40AF-9584-8D990101B9B0}.Release|Any CPU.Build.0 = Release|Any CPU
	EndGlobalSection
	GlobalSection(SolutionProperties) = preSolution
		HideSolutionNode = FALSE
	EndGlobalSection
	GlobalSection(ExtensibilityGlobals) = postSolution
		SolutionGuid = {D733E6EB-C158-49FF-B130-902EE5F54050}
	EndGlobalSection
EndGlobal
