
Microsoft Visual Studio Solution File, Format Version 12.00
# Visual Studio Version 17
VisualStudioVersion = 17.13.35818.85 d17.13
MinimumVisualStudioVersion = 10.0.40219.1
Project("{FAE04EC0-301F-11D3-BF4B-00C04F79EFBC}") = "ConsoleApp29", "ConsoleApp29\ConsoleApp29.csproj", "{51DE7A02-5E84-4B9E-8E40-F0EE46B57F28}"
EndProject
Global
	GlobalSection(SolutionConfigurationPlatforms) = preSolution
		Debug|Any CPU = Debug|Any CPU
		Release|Any CPU = Release|Any CPU
	EndGlobalSection
	GlobalSection(ProjectConfigurationPlatforms) = postSolution
		{51DE7A02-5E84-4B9E-8E40-F0EE46B57F28}.Debug|Any CPU.ActiveCfg = Debug|Any CPU
		{51DE7A02-5E84-4B9E-8E40-F0EE46B57F28}.Debug|Any CPU.Build.0 = Debug|Any CPU
		{51DE7A02-5E84-4B9E-8E40-F0EE46B57F28}.Release|Any CPU.ActiveCfg = Release|Any CPU
		{51DE7A02-5E84-4B9E-8E40-F0EE46B57F28}.Release|Any CPU.Build.0 = Release|Any CPU
	EndGlobalSection
	GlobalSection(SolutionProperties) = preSolution
		HideSolutionNode = FALSE
	EndGlobalSection
	GlobalSection(ExtensibilityGlobals) = postSolution
		SolutionGuid = {BD1EBA34-3891-4C2D-8467-7163A1928070}
	EndGlobalSection
EndGlobal
