
Microsoft Visual Studio Solution File, Format Version 12.00
# Visual Studio Version 17
VisualStudioVersion = 17.13.35818.85 d17.13
MinimumVisualStudioVersion = 10.0.40219.1
Project("{FAE04EC0-301F-11D3-BF4B-00C04F79EFBC}") = "ConsoleApp75", "ConsoleApp75\ConsoleApp75.csproj", "{D4DDBACD-8136-4E8C-A3BB-8506C5DA5ABD}"
EndProject
Global
	GlobalSection(SolutionConfigurationPlatforms) = preSolution
		Debug|Any CPU = Debug|Any CPU
		Release|Any CPU = Release|Any CPU
	EndGlobalSection
	GlobalSection(ProjectConfigurationPlatforms) = postSolution
		{D4DDBACD-8136-4E8C-A3BB-8506C5DA5ABD}.Debug|Any CPU.ActiveCfg = Debug|Any CPU
		{D4DDBACD-8136-4E8C-A3BB-8506C5DA5ABD}.Debug|Any CPU.Build.0 = Debug|Any CPU
		{D4DDBACD-8136-4E8C-A3BB-8506C5DA5ABD}.Release|Any CPU.ActiveCfg = Release|Any CPU
		{D4DDBACD-8136-4E8C-A3BB-8506C5DA5ABD}.Release|Any CPU.Build.0 = Release|Any CPU
	EndGlobalSection
	GlobalSection(SolutionProperties) = preSolution
		HideSolutionNode = FALSE
	EndGlobalSection
	GlobalSection(ExtensibilityGlobals) = postSolution
		SolutionGuid = {36797B87-FAD2-4416-8296-FD3529F15F05}
	EndGlobalSection
EndGlobal
