
Microsoft Visual Studio Solution File, Format Version 12.00
# Visual Studio Version 17
VisualStudioVersion = 17.13.35818.85 d17.13
MinimumVisualStudioVersion = 10.0.40219.1
Project("{FAE04EC0-301F-11D3-BF4B-00C04F79EFBC}") = "ConsoleApp104", "ConsoleApp104\ConsoleApp104.csproj", "{E2AAF9B9-4153-4C3E-9E9F-61DF3BD2CA6F}"
EndProject
Global
	GlobalSection(SolutionConfigurationPlatforms) = preSolution
		Debug|Any CPU = Debug|Any CPU
		Release|Any CPU = Release|Any CPU
	EndGlobalSection
	GlobalSection(ProjectConfigurationPlatforms) = postSolution
		{E2AAF9B9-4153-4C3E-9E9F-61DF3BD2CA6F}.Debug|Any CPU.ActiveCfg = Debug|Any CPU
		{E2AAF9B9-4153-4C3E-9E9F-61DF3BD2CA6F}.Debug|Any CPU.Build.0 = Debug|Any CPU
		{E2AAF9B9-4153-4C3E-9E9F-61DF3BD2CA6F}.Release|Any CPU.ActiveCfg = Release|Any CPU
		{E2AAF9B9-4153-4C3E-9E9F-61DF3BD2CA6F}.Release|Any CPU.Build.0 = Release|Any CPU
	EndGlobalSection
	GlobalSection(SolutionProperties) = preSolution
		HideSolutionNode = FALSE
	EndGlobalSection
	GlobalSection(ExtensibilityGlobals) = postSolution
		SolutionGuid = {65E7BEBE-A0AE-43BB-B328-3371457FDF13}
	EndGlobalSection
EndGlobal
