
Microsoft Visual Studio Solution File, Format Version 12.00
# Visual Studio Version 17
VisualStudioVersion = 17.13.35818.85 d17.13
MinimumVisualStudioVersion = 10.0.40219.1
Project("{FAE04EC0-301F-11D3-BF4B-00C04F79EFBC}") = "ConsoleApp39", "ConsoleApp39\ConsoleApp39.csproj", "{D87EF436-4477-4ACD-BEC1-FAC76C9C5871}"
EndProject
Global
	GlobalSection(SolutionConfigurationPlatforms) = preSolution
		Debug|Any CPU = Debug|Any CPU
		Release|Any CPU = Release|Any CPU
	EndGlobalSection
	GlobalSection(ProjectConfigurationPlatforms) = postSolution
		{D87EF436-4477-4ACD-BEC1-FAC76C9C5871}.Debug|Any CPU.ActiveCfg = Debug|Any CPU
		{D87EF436-4477-4ACD-BEC1-FAC76C9C5871}.Debug|Any CPU.Build.0 = Debug|Any CPU
		{D87EF436-4477-4ACD-BEC1-FAC76C9C5871}.Release|Any CPU.ActiveCfg = Release|Any CPU
		{D87EF436-4477-4ACD-BEC1-FAC76C9C5871}.Release|Any CPU.Build.0 = Release|Any CPU
	EndGlobalSection
	GlobalSection(SolutionProperties) = preSolution
		HideSolutionNode = FALSE
	EndGlobalSection
	GlobalSection(ExtensibilityGlobals) = postSolution
		SolutionGuid = {09B81477-545E-444C-831C-C943F120CAA3}
	EndGlobalSection
EndGlobal
