
Microsoft Visual Studio Solution File, Format Version 12.00
# Visual Studio Version 17
VisualStudioVersion = 17.13.35818.85 d17.13
MinimumVisualStudioVersion = 10.0.40219.1
Project("{FAE04EC0-301F-11D3-BF4B-00C04F79EFBC}") = "ConsoleApp6", "ConsoleApp6\ConsoleApp6.csproj", "{7BC3EE6B-9DE9-481B-BBC7-67C8ACA93C06}"
EndProject
Global
	GlobalSection(SolutionConfigurationPlatforms) = preSolution
		Debug|Any CPU = Debug|Any CPU
		Release|Any CPU = Release|Any CPU
	EndGlobalSection
	GlobalSection(ProjectConfigurationPlatforms) = postSolution
		{7BC3EE6B-9DE9-481B-BBC7-67C8ACA93C06}.Debug|Any CPU.ActiveCfg = Debug|Any CPU
		{7BC3EE6B-9DE9-481B-BBC7-67C8ACA93C06}.Debug|Any CPU.Build.0 = Debug|Any CPU
		{7BC3EE6B-9DE9-481B-BBC7-67C8ACA93C06}.Release|Any CPU.ActiveCfg = Release|Any CPU
		{7BC3EE6B-9DE9-481B-BBC7-67C8ACA93C06}.Release|Any CPU.Build.0 = Release|Any CPU
	EndGlobalSection
	GlobalSection(SolutionProperties) = preSolution
		HideSolutionNode = FALSE
	EndGlobalSection
	GlobalSection(ExtensibilityGlobals) = postSolution
		SolutionGuid = {C58D3B81-7396-4F8F-B5FD-1A3F3743751C}
	EndGlobalSection
EndGlobal
