
Microsoft Visual Studio Solution File, Format Version 12.00
# Visual Studio Version 17
VisualStudioVersion = 17.13.35818.85 d17.13
MinimumVisualStudioVersion = 10.0.40219.1
Project("{FAE04EC0-301F-11D3-BF4B-00C04F79EFBC}") = "ConsoleApp106", "ConsoleApp106\ConsoleApp106.csproj", "{A0880768-46A6-4999-AFE4-F51BEB9FCDE6}"
EndProject
Global
	GlobalSection(SolutionConfigurationPlatforms) = preSolution
		Debug|Any CPU = Debug|Any CPU
		Release|Any CPU = Release|Any CPU
	EndGlobalSection
	GlobalSection(ProjectConfigurationPlatforms) = postSolution
		{A0880768-46A6-4999-AFE4-F51BEB9FCDE6}.Debug|Any CPU.ActiveCfg = Debug|Any CPU
		{A0880768-46A6-4999-AFE4-F51BEB9FCDE6}.Debug|Any CPU.Build.0 = Debug|Any CPU
		{A0880768-46A6-4999-AFE4-F51BEB9FCDE6}.Release|Any CPU.ActiveCfg = Release|Any CPU
		{A0880768-46A6-4999-AFE4-F51BEB9FCDE6}.Release|Any CPU.Build.0 = Release|Any CPU
	EndGlobalSection
	GlobalSection(SolutionProperties) = preSolution
		HideSolutionNode = FALSE
	EndGlobalSection
	GlobalSection(ExtensibilityGlobals) = postSolution
		SolutionGuid = {3C353208-C154-4C1A-90B7-581F5B55EEDE}
	EndGlobalSection
EndGlobal
